
Microsoft Visual Studio Solution File, Format Version 12.00
# Visual Studio Version 17
VisualStudioVersion = 17.2.32526.322
MinimumVisualStudioVersion = 10.0.40219.1
Project("{FAE04EC0-301F-11D3-BF4B-00C04F79EFBC}") = "WindowsFormsApp1", "WindowsFormsApp1\WindowsFormsApp1.csproj", "{BB15C9F4-9A3F-4E1B-868C-5A42FF25BDC6}"
EndProject
Global
	GlobalSection(SolutionConfigurationPlatforms) = preSolution
		Debug|Any CPU = Debug|Any CPU
		Release|Any CPU = Release|Any CPU
	EndGlobalSection
	GlobalSection(ProjectConfigurationPlatforms) = postSolution
		{BB15C9F4-9A3F-4E1B-868C-5A42FF25BDC6}.Debug|Any CPU.ActiveCfg = Debug|Any CPU
		{BB15C9F4-9A3F-4E1B-868C-5A42FF25BDC6}.Debug|Any CPU.Build.0 = Debug|Any CPU
		{BB15C9F4-9A3F-4E1B-868C-5A42FF25BDC6}.Release|Any CPU.ActiveCfg = Release|Any CPU
		{BB15C9F4-9A3F-4E1B-868C-5A42FF25BDC6}.Release|Any CPU.Build.0 = Release|Any CPU
	EndGlobalSection
	GlobalSection(SolutionProperties) = preSolution
		HideSolutionNode = FALSE
	EndGlobalSection
	GlobalSection(ExtensibilityGlobals) = postSolution
		SolutionGuid = {94C84D76-90D5-4C7A-A588-6471EA5AA1C6}
	EndGlobalSection
EndGlobal
